
Microsoft Visual Studio Solution File, Format Version 11.00
# Visual Studio 2010
Project("{FAE04EC0-301F-11D3-BF4B-00C04F79EFBC}") = "Claro.SISACT.Web", "Claro.SISACT.Web\Claro.SISACT.Web.csproj", "{61954943-A0A5-49AB-A6BC-FBA6422C4982}"
	ProjectSection(ProjectDependencies) = postProject
		{64D5394B-C4A5-482A-8908-B1C84974AB9F} = {64D5394B-C4A5-482A-8908-B1C84974AB9F}
		{0338FD95-CADF-4264-AA41-A47C6CEDD638} = {0338FD95-CADF-4264-AA41-A47C6CEDD638}
		{87EC7497-AB32-428A-BD9D-D0605DEAF907} = {87EC7497-AB32-428A-BD9D-D0605DEAF907}
		{3CC469F9-CD4B-45D2-AC0E-3E3536BC6BD6} = {3CC469F9-CD4B-45D2-AC0E-3E3536BC6BD6}
	EndProjectSection
EndProject
Project("{FAE04EC0-301F-11D3-BF4B-00C04F79EFBC}") = "Claro.SISACT.Data", "Claro.SISACT.Data\Claro.SISACT.Data.csproj", "{842E0105-F7B2-4F94-8CC6-E39237348862}"
	ProjectSection(ProjectDependencies) = postProject
		{CDE2BF05-ED35-42E4-A80D-8605C904519E} = {CDE2BF05-ED35-42E4-A80D-8605C904519E}
		{64D5394B-C4A5-482A-8908-B1C84974AB9F} = {64D5394B-C4A5-482A-8908-B1C84974AB9F}
		{3CC469F9-CD4B-45D2-AC0E-3E3536BC6BD6} = {3CC469F9-CD4B-45D2-AC0E-3E3536BC6BD6}
	EndProjectSection
EndProject
Project("{FAE04EC0-301F-11D3-BF4B-00C04F79EFBC}") = "Claro.SISACT.Entity", "Claro.SISACT.Entity\Claro.SISACT.Entity.csproj", "{3CC469F9-CD4B-45D2-AC0E-3E3536BC6BD6}"
EndProject
Project("{FAE04EC0-301F-11D3-BF4B-00C04F79EFBC}") = "Claro.SISACT.Business", "Claro.SISACT.Business\Claro.SISACT.Business.csproj", "{0338FD95-CADF-4264-AA41-A47C6CEDD638}"
	ProjectSection(ProjectDependencies) = postProject
		{842E0105-F7B2-4F94-8CC6-E39237348862} = {842E0105-F7B2-4F94-8CC6-E39237348862}
		{CDE2BF05-ED35-42E4-A80D-8605C904519E} = {CDE2BF05-ED35-42E4-A80D-8605C904519E}
		{64D5394B-C4A5-482A-8908-B1C84974AB9F} = {64D5394B-C4A5-482A-8908-B1C84974AB9F}
		{3CC469F9-CD4B-45D2-AC0E-3E3536BC6BD6} = {3CC469F9-CD4B-45D2-AC0E-3E3536BC6BD6}
	EndProjectSection
EndProject
Project("{FAE04EC0-301F-11D3-BF4B-00C04F79EFBC}") = "Claro.SISACT.Common", "Claro.SISACT.Common\Claro.SISACT.Common.csproj", "{64D5394B-C4A5-482A-8908-B1C84974AB9F}"
	ProjectSection(ProjectDependencies) = postProject
		{3CC469F9-CD4B-45D2-AC0E-3E3536BC6BD6} = {3CC469F9-CD4B-45D2-AC0E-3E3536BC6BD6}
	EndProjectSection
EndProject
Project("{FAE04EC0-301F-11D3-BF4B-00C04F79EFBC}") = "Claro.SISACT.Configuracion", "Claro.SISACT.Configuracion\Claro.SISACT.Configuracion.csproj", "{87EC7497-AB32-428A-BD9D-D0605DEAF907}"
	ProjectSection(ProjectDependencies) = postProject
		{64D5394B-C4A5-482A-8908-B1C84974AB9F} = {64D5394B-C4A5-482A-8908-B1C84974AB9F}
	EndProjectSection
EndProject
Project("{FAE04EC0-301F-11D3-BF4B-00C04F79EFBC}") = "Claro.SISACT.IData", "Claro.SISACT.IData\Claro.SISACT.IData.csproj", "{CDE2BF05-ED35-42E4-A80D-8605C904519E}"
EndProject
Project("{FAE04EC0-301F-11D3-BF4B-00C04F79EFBC}") = "Claro.SISACT.WS", "Claro.SISACT.WS\Claro.SISACT.WS.csproj", "{EBDA30BB-29ED-4FEB-B2F8-C860626B0198}"
EndProject
Project("{FAE04EC0-301F-11D3-BF4B-00C04F79EFBC}") = "Claro.Base", "Claro.Base\Claro.Base.csproj", "{0EED2C7D-9F7B-4628-945B-06FCF28C27A3}"
EndProject
Project("{FAE04EC0-301F-11D3-BF4B-00C04F79EFBC}") = "Claro.Seguridad.Criptografia", "Claro.Seguridad.Criptografia\Claro.Seguridad.Criptografia.csproj", "{6E3EC833-90DC-4F55-A903-FF8500E108F8}"
EndProject
Global
	GlobalSection(SolutionConfigurationPlatforms) = preSolution
		Debug|Any CPU = Debug|Any CPU
		Debug|x64 = Debug|x64
		Release|Any CPU = Release|Any CPU
		Release|x64 = Release|x64
	EndGlobalSection
	GlobalSection(ProjectConfigurationPlatforms) = postSolution
		{61954943-A0A5-49AB-A6BC-FBA6422C4982}.Debug|Any CPU.ActiveCfg = Debug|Any CPU
		{61954943-A0A5-49AB-A6BC-FBA6422C4982}.Debug|Any CPU.Build.0 = Debug|Any CPU
		{61954943-A0A5-49AB-A6BC-FBA6422C4982}.Debug|x64.ActiveCfg = Debug|x64
		{61954943-A0A5-49AB-A6BC-FBA6422C4982}.Debug|x64.Build.0 = Debug|x64
		{61954943-A0A5-49AB-A6BC-FBA6422C4982}.Release|Any CPU.ActiveCfg = Release|Any CPU
		{61954943-A0A5-49AB-A6BC-FBA6422C4982}.Release|Any CPU.Build.0 = Release|Any CPU
		{61954943-A0A5-49AB-A6BC-FBA6422C4982}.Release|x64.ActiveCfg = Release|Any CPU
		{61954943-A0A5-49AB-A6BC-FBA6422C4982}.Release|x64.Build.0 = Release|Any CPU
		{842E0105-F7B2-4F94-8CC6-E39237348862}.Debug|Any CPU.ActiveCfg = Debug|Any CPU
		{842E0105-F7B2-4F94-8CC6-E39237348862}.Debug|Any CPU.Build.0 = Debug|Any CPU
		{842E0105-F7B2-4F94-8CC6-E39237348862}.Debug|x64.ActiveCfg = Debug|Any CPU
		{842E0105-F7B2-4F94-8CC6-E39237348862}.Debug|x64.Build.0 = Debug|Any CPU
		{842E0105-F7B2-4F94-8CC6-E39237348862}.Release|Any CPU.ActiveCfg = Release|Any CPU
		{842E0105-F7B2-4F94-8CC6-E39237348862}.Release|Any CPU.Build.0 = Release|Any CPU
		{842E0105-F7B2-4F94-8CC6-E39237348862}.Release|x64.ActiveCfg = Release|Any CPU
		{842E0105-F7B2-4F94-8CC6-E39237348862}.Release|x64.Build.0 = Release|Any CPU
		{3CC469F9-CD4B-45D2-AC0E-3E3536BC6BD6}.Debug|Any CPU.ActiveCfg = Debug|Any CPU
		{3CC469F9-CD4B-45D2-AC0E-3E3536BC6BD6}.Debug|Any CPU.Build.0 = Debug|Any CPU
		{3CC469F9-CD4B-45D2-AC0E-3E3536BC6BD6}.Debug|x64.ActiveCfg = Debug|Any CPU
		{3CC469F9-CD4B-45D2-AC0E-3E3536BC6BD6}.Debug|x64.Build.0 = Debug|Any CPU
		{3CC469F9-CD4B-45D2-AC0E-3E3536BC6BD6}.Release|Any CPU.ActiveCfg = Release|Any CPU
		{3CC469F9-CD4B-45D2-AC0E-3E3536BC6BD6}.Release|Any CPU.Build.0 = Release|Any CPU
		{3CC469F9-CD4B-45D2-AC0E-3E3536BC6BD6}.Release|x64.ActiveCfg = Release|Any CPU
		{3CC469F9-CD4B-45D2-AC0E-3E3536BC6BD6}.Release|x64.Build.0 = Release|Any CPU
		{0338FD95-CADF-4264-AA41-A47C6CEDD638}.Debug|Any CPU.ActiveCfg = Debug|Any CPU
		{0338FD95-CADF-4264-AA41-A47C6CEDD638}.Debug|Any CPU.Build.0 = Debug|Any CPU
		{0338FD95-CADF-4264-AA41-A47C6CEDD638}.Debug|x64.ActiveCfg = Debug|Any CPU
		{0338FD95-CADF-4264-AA41-A47C6CEDD638}.Debug|x64.Build.0 = Debug|Any CPU
		{0338FD95-CADF-4264-AA41-A47C6CEDD638}.Release|Any CPU.ActiveCfg = Release|Any CPU
		{0338FD95-CADF-4264-AA41-A47C6CEDD638}.Release|Any CPU.Build.0 = Release|Any CPU
		{0338FD95-CADF-4264-AA41-A47C6CEDD638}.Release|x64.ActiveCfg = Release|Any CPU
		{0338FD95-CADF-4264-AA41-A47C6CEDD638}.Release|x64.Build.0 = Release|Any CPU
		{64D5394B-C4A5-482A-8908-B1C84974AB9F}.Debug|Any CPU.ActiveCfg = Debug|Any CPU
		{64D5394B-C4A5-482A-8908-B1C84974AB9F}.Debug|Any CPU.Build.0 = Debug|Any CPU
		{64D5394B-C4A5-482A-8908-B1C84974AB9F}.Debug|x64.ActiveCfg = Debug|Any CPU
		{64D5394B-C4A5-482A-8908-B1C84974AB9F}.Debug|x64.Build.0 = Debug|Any CPU
		{64D5394B-C4A5-482A-8908-B1C84974AB9F}.Release|Any CPU.ActiveCfg = Release|Any CPU
		{64D5394B-C4A5-482A-8908-B1C84974AB9F}.Release|Any CPU.Build.0 = Release|Any CPU
		{64D5394B-C4A5-482A-8908-B1C84974AB9F}.Release|x64.ActiveCfg = Release|Any CPU
		{64D5394B-C4A5-482A-8908-B1C84974AB9F}.Release|x64.Build.0 = Release|Any CPU
		{87EC7497-AB32-428A-BD9D-D0605DEAF907}.Debug|Any CPU.ActiveCfg = Debug|Any CPU
		{87EC7497-AB32-428A-BD9D-D0605DEAF907}.Debug|Any CPU.Build.0 = Debug|Any CPU
		{87EC7497-AB32-428A-BD9D-D0605DEAF907}.Debug|x64.ActiveCfg = Debug|Any CPU
		{87EC7497-AB32-428A-BD9D-D0605DEAF907}.Debug|x64.Build.0 = Debug|Any CPU
		{87EC7497-AB32-428A-BD9D-D0605DEAF907}.Release|Any CPU.ActiveCfg = Release|Any CPU
		{87EC7497-AB32-428A-BD9D-D0605DEAF907}.Release|Any CPU.Build.0 = Release|Any CPU
		{87EC7497-AB32-428A-BD9D-D0605DEAF907}.Release|x64.ActiveCfg = Release|Any CPU
		{87EC7497-AB32-428A-BD9D-D0605DEAF907}.Release|x64.Build.0 = Release|Any CPU
		{CDE2BF05-ED35-42E4-A80D-8605C904519E}.Debug|Any CPU.ActiveCfg = Debug|Any CPU
		{CDE2BF05-ED35-42E4-A80D-8605C904519E}.Debug|Any CPU.Build.0 = Debug|Any CPU
		{CDE2BF05-ED35-42E4-A80D-8605C904519E}.Debug|x64.ActiveCfg = Debug|Any CPU
		{CDE2BF05-ED35-42E4-A80D-8605C904519E}.Debug|x64.Build.0 = Debug|Any CPU
		{CDE2BF05-ED35-42E4-A80D-8605C904519E}.Release|Any CPU.ActiveCfg = Release|Any CPU
		{CDE2BF05-ED35-42E4-A80D-8605C904519E}.Release|Any CPU.Build.0 = Release|Any CPU
		{CDE2BF05-ED35-42E4-A80D-8605C904519E}.Release|x64.ActiveCfg = Release|Any CPU
		{CDE2BF05-ED35-42E4-A80D-8605C904519E}.Release|x64.Build.0 = Release|Any CPU
		{EBDA30BB-29ED-4FEB-B2F8-C860626B0198}.Debug|Any CPU.ActiveCfg = Debug|Any CPU
		{EBDA30BB-29ED-4FEB-B2F8-C860626B0198}.Debug|Any CPU.Build.0 = Debug|Any CPU
		{EBDA30BB-29ED-4FEB-B2F8-C860626B0198}.Debug|x64.ActiveCfg = Debug|Any CPU
		{EBDA30BB-29ED-4FEB-B2F8-C860626B0198}.Debug|x64.Build.0 = Debug|Any CPU
		{EBDA30BB-29ED-4FEB-B2F8-C860626B0198}.Release|Any CPU.ActiveCfg = Release|Any CPU
		{EBDA30BB-29ED-4FEB-B2F8-C860626B0198}.Release|Any CPU.Build.0 = Release|Any CPU
		{EBDA30BB-29ED-4FEB-B2F8-C860626B0198}.Release|x64.ActiveCfg = Release|Any CPU
		{EBDA30BB-29ED-4FEB-B2F8-C860626B0198}.Release|x64.Build.0 = Release|Any CPU
		{0EED2C7D-9F7B-4628-945B-06FCF28C27A3}.Debug|Any CPU.ActiveCfg = Debug|Any CPU
		{0EED2C7D-9F7B-4628-945B-06FCF28C27A3}.Debug|Any CPU.Build.0 = Debug|Any CPU
		{0EED2C7D-9F7B-4628-945B-06FCF28C27A3}.Debug|x64.ActiveCfg = Debug|Any CPU
		{0EED2C7D-9F7B-4628-945B-06FCF28C27A3}.Debug|x64.Build.0 = Debug|Any CPU
		{0EED2C7D-9F7B-4628-945B-06FCF28C27A3}.Release|Any CPU.ActiveCfg = Release|Any CPU
		{0EED2C7D-9F7B-4628-945B-06FCF28C27A3}.Release|Any CPU.Build.0 = Release|Any CPU
		{0EED2C7D-9F7B-4628-945B-06FCF28C27A3}.Release|x64.ActiveCfg = Release|Any CPU
		{6E3EC833-90DC-4F55-A903-FF8500E108F8}.Debug|Any CPU.ActiveCfg = Debug|Any CPU
		{6E3EC833-90DC-4F55-A903-FF8500E108F8}.Debug|Any CPU.Build.0 = Debug|Any CPU
		{6E3EC833-90DC-4F55-A903-FF8500E108F8}.Debug|x64.ActiveCfg = Debug|Any CPU
		{6E3EC833-90DC-4F55-A903-FF8500E108F8}.Debug|x64.Build.0 = Debug|Any CPU
		{6E3EC833-90DC-4F55-A903-FF8500E108F8}.Release|Any CPU.ActiveCfg = Release|Any CPU
		{6E3EC833-90DC-4F55-A903-FF8500E108F8}.Release|Any CPU.Build.0 = Release|Any CPU
		{6E3EC833-90DC-4F55-A903-FF8500E108F8}.Release|x64.ActiveCfg = Release|Any CPU
	EndGlobalSection
	GlobalSection(SolutionProperties) = preSolution
		HideSolutionNode = FALSE
	EndGlobalSection
EndGlobal
